
Microsoft Visual Studio Solution File, Format Version 12.00
# Visual Studio 2012
Project("{FAE04EC0-301F-11D3-BF4B-00C04F79EFBC}") = "buttonsize", "buttonsize\buttonsize.csproj", "{D3545F97-8152-4920-86F3-4C11873E7A11}"
EndProject
Project("{FAE04EC0-301F-11D3-BF4B-00C04F79EFBC}") = "buttonsize.iOS", "iOS\buttonsize.iOS.csproj", "{430DDC77-4CBC-458A-8AC5-5D239F111710}"
EndProject
Project("{FAE04EC0-301F-11D3-BF4B-00C04F79EFBC}") = "buttonsize.Droid", "Droid\buttonsize.Droid.csproj", "{59CE5AC8-3B42-4B69-91DF-B229714C2EDA}"
EndProject
Global
	GlobalSection(SolutionConfigurationPlatforms) = preSolution
		Debug|Any CPU = Debug|Any CPU
		Release|Any CPU = Release|Any CPU
		Debug|iPhoneSimulator = Debug|iPhoneSimulator
		Release|iPhoneSimulator = Release|iPhoneSimulator
		Debug|iPhone = Debug|iPhone
		Release|iPhone = Release|iPhone
		Ad-Hoc|iPhone = Ad-Hoc|iPhone
		AppStore|iPhone = AppStore|iPhone
	EndGlobalSection
	GlobalSection(ProjectConfigurationPlatforms) = postSolution
		{430DDC77-4CBC-458A-8AC5-5D239F111710}.Ad-Hoc|iPhone.ActiveCfg = Ad-Hoc|iPhone
		{430DDC77-4CBC-458A-8AC5-5D239F111710}.Ad-Hoc|iPhone.Build.0 = Ad-Hoc|iPhone
		{430DDC77-4CBC-458A-8AC5-5D239F111710}.AppStore|iPhone.ActiveCfg = AppStore|iPhone
		{430DDC77-4CBC-458A-8AC5-5D239F111710}.AppStore|iPhone.Build.0 = AppStore|iPhone
		{430DDC77-4CBC-458A-8AC5-5D239F111710}.Debug|Any CPU.ActiveCfg = Debug|iPhoneSimulator
		{430DDC77-4CBC-458A-8AC5-5D239F111710}.Debug|Any CPU.Build.0 = Debug|iPhoneSimulator
		{430DDC77-4CBC-458A-8AC5-5D239F111710}.Debug|iPhone.ActiveCfg = Debug|iPhone
		{430DDC77-4CBC-458A-8AC5-5D239F111710}.Debug|iPhone.Build.0 = Debug|iPhone
		{430DDC77-4CBC-458A-8AC5-5D239F111710}.Debug|iPhoneSimulator.ActiveCfg = Debug|iPhoneSimulator
		{430DDC77-4CBC-458A-8AC5-5D239F111710}.Debug|iPhoneSimulator.Build.0 = Debug|iPhoneSimulator
		{430DDC77-4CBC-458A-8AC5-5D239F111710}.Release|Any CPU.ActiveCfg = Release|iPhoneSimulator
		{430DDC77-4CBC-458A-8AC5-5D239F111710}.Release|Any CPU.Build.0 = Release|iPhoneSimulator
		{430DDC77-4CBC-458A-8AC5-5D239F111710}.Release|iPhone.ActiveCfg = Release|iPhone
		{430DDC77-4CBC-458A-8AC5-5D239F111710}.Release|iPhone.Build.0 = Release|iPhone
		{430DDC77-4CBC-458A-8AC5-5D239F111710}.Release|iPhoneSimulator.ActiveCfg = Release|iPhoneSimulator
		{430DDC77-4CBC-458A-8AC5-5D239F111710}.Release|iPhoneSimulator.Build.0 = Release|iPhoneSimulator
		{59CE5AC8-3B42-4B69-91DF-B229714C2EDA}.Ad-Hoc|iPhone.ActiveCfg = Release|Any CPU
		{59CE5AC8-3B42-4B69-91DF-B229714C2EDA}.Ad-Hoc|iPhone.Build.0 = Release|Any CPU
		{59CE5AC8-3B42-4B69-91DF-B229714C2EDA}.AppStore|iPhone.ActiveCfg = Release|Any CPU
		{59CE5AC8-3B42-4B69-91DF-B229714C2EDA}.AppStore|iPhone.Build.0 = Release|Any CPU
		{59CE5AC8-3B42-4B69-91DF-B229714C2EDA}.Debug|Any CPU.ActiveCfg = Debug|Any CPU
		{59CE5AC8-3B42-4B69-91DF-B229714C2EDA}.Debug|Any CPU.Build.0 = Debug|Any CPU
		{59CE5AC8-3B42-4B69-91DF-B229714C2EDA}.Debug|iPhone.ActiveCfg = Debug|Any CPU
		{59CE5AC8-3B42-4B69-91DF-B229714C2EDA}.Debug|iPhone.Build.0 = Debug|Any CPU
		{59CE5AC8-3B42-4B69-91DF-B229714C2EDA}.Debug|iPhoneSimulator.ActiveCfg = Debug|Any CPU
		{59CE5AC8-3B42-4B69-91DF-B229714C2EDA}.Debug|iPhoneSimulator.Build.0 = Debug|Any CPU
		{59CE5AC8-3B42-4B69-91DF-B229714C2EDA}.Release|Any CPU.ActiveCfg = Release|Any CPU
		{59CE5AC8-3B42-4B69-91DF-B229714C2EDA}.Release|Any CPU.Build.0 = Release|Any CPU
		{59CE5AC8-3B42-4B69-91DF-B229714C2EDA}.Release|iPhone.ActiveCfg = Release|Any CPU
		{59CE5AC8-3B42-4B69-91DF-B229714C2EDA}.Release|iPhone.Build.0 = Release|Any CPU
		{59CE5AC8-3B42-4B69-91DF-B229714C2EDA}.Release|iPhoneSimulator.ActiveCfg = Release|Any CPU
		{59CE5AC8-3B42-4B69-91DF-B229714C2EDA}.Release|iPhoneSimulator.Build.0 = Release|Any CPU
		{D3545F97-8152-4920-86F3-4C11873E7A11}.Ad-Hoc|iPhone.ActiveCfg = Debug|Any CPU
		{D3545F97-8152-4920-86F3-4C11873E7A11}.Ad-Hoc|iPhone.Build.0 = Debug|Any CPU
		{D3545F97-8152-4920-86F3-4C11873E7A11}.AppStore|iPhone.ActiveCfg = Debug|Any CPU
		{D3545F97-8152-4920-86F3-4C11873E7A11}.AppStore|iPhone.Build.0 = Debug|Any CPU
		{D3545F97-8152-4920-86F3-4C11873E7A11}.Debug|Any CPU.ActiveCfg = Debug|Any CPU
		{D3545F97-8152-4920-86F3-4C11873E7A11}.Debug|Any CPU.Build.0 = Debug|Any CPU
		{D3545F97-8152-4920-86F3-4C11873E7A11}.Debug|iPhone.ActiveCfg = Debug|Any CPU
		{D3545F97-8152-4920-86F3-4C11873E7A11}.Debug|iPhone.Build.0 = Debug|Any CPU
		{D3545F97-8152-4920-86F3-4C11873E7A11}.Debug|iPhoneSimulator.ActiveCfg = Debug|Any CPU
		{D3545F97-8152-4920-86F3-4C11873E7A11}.Debug|iPhoneSimulator.Build.0 = Debug|Any CPU
		{D3545F97-8152-4920-86F3-4C11873E7A11}.Release|Any CPU.ActiveCfg = Release|Any CPU
		{D3545F97-8152-4920-86F3-4C11873E7A11}.Release|Any CPU.Build.0 = Release|Any CPU
		{D3545F97-8152-4920-86F3-4C11873E7A11}.Release|iPhone.ActiveCfg = Release|Any CPU
		{D3545F97-8152-4920-86F3-4C11873E7A11}.Release|iPhone.Build.0 = Release|Any CPU
		{D3545F97-8152-4920-86F3-4C11873E7A11}.Release|iPhoneSimulator.ActiveCfg = Release|Any CPU
		{D3545F97-8152-4920-86F3-4C11873E7A11}.Release|iPhoneSimulator.Build.0 = Release|Any CPU
	EndGlobalSection
EndGlobal
